
Microsoft Visual Studio Solution File, Format Version 12.00
# Visual Studio Version 16
VisualStudioVersion = 16.0.33130.400
MinimumVisualStudioVersion = 10.0.40219.1
Project("{9A19103F-16F7-4668-BE54-9A1E7A4F7556}") = "Project_Demo_1", "Project_Demo_1.csproj", "{5A86905D-FF54-4E9F-B40D-8BB28F466C9E}"
EndProject
Global
	GlobalSection(SolutionConfigurationPlatforms) = preSolution
		Debug|Any CPU = Debug|Any CPU
		Release|Any CPU = Release|Any CPU
	EndGlobalSection
	GlobalSection(ProjectConfigurationPlatforms) = postSolution
		{5A86905D-FF54-4E9F-B40D-8BB28F466C9E}.Debug|Any CPU.ActiveCfg = Debug|Any CPU
		{5A86905D-FF54-4E9F-B40D-8BB28F466C9E}.Debug|Any CPU.Build.0 = Debug|Any CPU
		{5A86905D-FF54-4E9F-B40D-8BB28F466C9E}.Release|Any CPU.ActiveCfg = Release|Any CPU
		{5A86905D-FF54-4E9F-B40D-8BB28F466C9E}.Release|Any CPU.Build.0 = Release|Any CPU
	EndGlobalSection
	GlobalSection(SolutionProperties) = preSolution
		HideSolutionNode = FALSE
	EndGlobalSection
	GlobalSection(ExtensibilityGlobals) = postSolution
		SolutionGuid = {1BEC3909-8D45-4F15-8AB6-101C50555D4B}
	EndGlobalSection
EndGlobal
